
Microsoft Visual Studio Solution File, Format Version 12.00
# Visual Studio Version 16
VisualStudioVersion = 16.0.29123.88
MinimumVisualStudioVersion = 10.0.40219.1
Project("{FAE04EC0-301F-11D3-BF4B-00C04F79EFBC}") = "SonarqubeTestingProject", "SonarqubeTestingProject\SonarqubeTestingProject.csproj", "{04F73EE7-EBA2-4921-A353-9C4AC9B17514}"
EndProject
Global
	GlobalSection(SolutionConfigurationPlatforms) = preSolution
		Debug|Any CPU = Debug|Any CPU
		Release|Any CPU = Release|Any CPU
	EndGlobalSection
	GlobalSection(ProjectConfigurationPlatforms) = postSolution
		{04F73EE7-EBA2-4921-A353-9C4AC9B17514}.Debug|Any CPU.ActiveCfg = Debug|Any CPU
		{04F73EE7-EBA2-4921-A353-9C4AC9B17514}.Debug|Any CPU.Build.0 = Debug|Any CPU
		{04F73EE7-EBA2-4921-A353-9C4AC9B17514}.Release|Any CPU.ActiveCfg = Release|Any CPU
		{04F73EE7-EBA2-4921-A353-9C4AC9B17514}.Release|Any CPU.Build.0 = Release|Any CPU
	EndGlobalSection
	GlobalSection(SolutionProperties) = preSolution
		HideSolutionNode = FALSE
	EndGlobalSection
	GlobalSection(ExtensibilityGlobals) = postSolution
		SolutionGuid = {33621690-CFE5-48D3-922D-A5C1EC469D20}
	EndGlobalSection
EndGlobal
